
Microsoft Visual Studio Solution File, Format Version 12.00
# Visual Studio Version 17
VisualStudioVersion = 17.2.32602.215
MinimumVisualStudioVersion = 10.0.40219.1
Project("{FAE04EC0-301F-11D3-BF4B-00C04F79EFBC}") = "Logical_Programs", "Logical_Programs.csproj", "{7E5E45E9-848C-4A2B-B8AD-771C2F8E9885}"
EndProject
Global
	GlobalSection(SolutionConfigurationPlatforms) = preSolution
		Debug|Any CPU = Debug|Any CPU
		Release|Any CPU = Release|Any CPU
	EndGlobalSection
	GlobalSection(ProjectConfigurationPlatforms) = postSolution
		{7E5E45E9-848C-4A2B-B8AD-771C2F8E9885}.Debug|Any CPU.ActiveCfg = Debug|Any CPU
		{7E5E45E9-848C-4A2B-B8AD-771C2F8E9885}.Debug|Any CPU.Build.0 = Debug|Any CPU
		{7E5E45E9-848C-4A2B-B8AD-771C2F8E9885}.Release|Any CPU.ActiveCfg = Release|Any CPU
		{7E5E45E9-848C-4A2B-B8AD-771C2F8E9885}.Release|Any CPU.Build.0 = Release|Any CPU
	EndGlobalSection
	GlobalSection(SolutionProperties) = preSolution
		HideSolutionNode = FALSE
	EndGlobalSection
	GlobalSection(ExtensibilityGlobals) = postSolution
		SolutionGuid = {D715156B-CF87-49C3-94A0-E62A556C6DCE}
	EndGlobalSection
EndGlobal
